
Microsoft Visual Studio Solution File, Format Version 12.00
# Visual Studio Version 17
VisualStudioVersion = 17.10.34928.147
MinimumVisualStudioVersion = 10.0.40219.1
Project("{FAE04EC0-301F-11D3-BF4B-00C04F79EFBC}") = "JWT Toket With SHA256 Algo", "JWT Toket With SHA256 Algo\JWT Toket With SHA256 Algo.csproj", "{6C8712EE-7079-43DF-9230-C49F0D8C7D5C}"
EndProject
Global
	GlobalSection(SolutionConfigurationPlatforms) = preSolution
		Debug|Any CPU = Debug|Any CPU
		Release|Any CPU = Release|Any CPU
	EndGlobalSection
	GlobalSection(ProjectConfigurationPlatforms) = postSolution
		{6C8712EE-7079-43DF-9230-C49F0D8C7D5C}.Debug|Any CPU.ActiveCfg = Debug|Any CPU
		{6C8712EE-7079-43DF-9230-C49F0D8C7D5C}.Debug|Any CPU.Build.0 = Debug|Any CPU
		{6C8712EE-7079-43DF-9230-C49F0D8C7D5C}.Release|Any CPU.ActiveCfg = Release|Any CPU
		{6C8712EE-7079-43DF-9230-C49F0D8C7D5C}.Release|Any CPU.Build.0 = Release|Any CPU
	EndGlobalSection
	GlobalSection(SolutionProperties) = preSolution
		HideSolutionNode = FALSE
	EndGlobalSection
	GlobalSection(ExtensibilityGlobals) = postSolution
		SolutionGuid = {26A2E942-8ABD-4B2E-A23A-AB0371669B13}
	EndGlobalSection
EndGlobal
